
Microsoft Visual Studio Solution File, Format Version 12.00
# Visual Studio Version 17
VisualStudioVersion = 17.5.002.0
MinimumVisualStudioVersion = 10.0.40219.1
Project("{9A19103F-16F7-4668-BE54-9A1E7A4F7556}") = "PublishLog", "PublishLog.csproj", "{0F872E8C-48FC-405F-B597-B431AE680E60}"
EndProject
Global
	GlobalSection(SolutionConfigurationPlatforms) = preSolution
		Debug|Any CPU = Debug|Any CPU
		Release|Any CPU = Release|Any CPU
	EndGlobalSection
	GlobalSection(ProjectConfigurationPlatforms) = postSolution
		{0F872E8C-48FC-405F-B597-B431AE680E60}.Debug|Any CPU.ActiveCfg = Debug|Any CPU
		{0F872E8C-48FC-405F-B597-B431AE680E60}.Debug|Any CPU.Build.0 = Debug|Any CPU
		{0F872E8C-48FC-405F-B597-B431AE680E60}.Release|Any CPU.ActiveCfg = Release|Any CPU
		{0F872E8C-48FC-405F-B597-B431AE680E60}.Release|Any CPU.Build.0 = Release|Any CPU
	EndGlobalSection
	GlobalSection(SolutionProperties) = preSolution
		HideSolutionNode = FALSE
	EndGlobalSection
	GlobalSection(ExtensibilityGlobals) = postSolution
		SolutionGuid = {4EC6AC10-4B8E-42F7-83F0-00B6DF886017}
	EndGlobalSection
EndGlobal
